// !$*UTF8*$!
{
	archiveVersion = 1;
	classes = {
	};
	objectVersion = 50;
	objects = {

/* Begin PBXBuildFile section */
		FA6B332025A0CA6B00188F1B /* AppDelegate.swift in Sources */ = {isa = PBXBuildFile; fileRef = FA6B331F25A0CA6B00188F1B /* AppDelegate.swift */; };
		FA6B332225A0CA6B00188F1B /* SceneDelegate.swift in Sources */ = {isa = PBXBuildFile; fileRef = FA6B332125A0CA6B00188F1B /* SceneDelegate.swift */; };
		FA6B332425A0CA6B00188F1B /* ViewController.swift in Sources */ = {isa = PBXBuildFile; fileRef = FA6B332325A0CA6B00188F1B /* ViewController.swift */; };
		FA6B332725A0CA6B00188F1B /* Main.storyboard in Resources */ = {isa = PBXBuildFile; fileRef = FA6B332525A0CA6B00188F1B /* Main.storyboard */; };
		FA6B332925A0CA6B00188F1B /* Assets.xcassets in Resources */ = {isa = PBXBuildFile; fileRef = FA6B332825A0CA6B00188F1B /* Assets.xcassets */; };
		FA6B332C25A0CA6B00188F1B /* LaunchScreen.storyboard in Resources */ = {isa = PBXBuildFile; fileRef = FA6B332A25A0CA6B00188F1B /* LaunchScreen.storyboard */; };
		FA7D43CF25A4DBF300F65372 /* PersonCell.swift in Sources */ = {isa = PBXBuildFile; fileRef = FA7D43CE25A4DBF300F65372 /* PersonCell.swift */; };
		FA7D43D925A4FE3C00F65372 /* BranchCell.swift in Sources */ = {isa = PBXBuildFile; fileRef = FA7D43D825A4FE3C00F65372 /* BranchCell.swift */; };
		FAD602A325A2146000B41DC4 /* EmailViewController.swift in Sources */ = {isa = PBXBuildFile; fileRef = FAD602A225A2146000B41DC4 /* EmailViewController.swift */; };
		FAD602A725A248E800B41DC4 /* PaddingTextField.swift in Sources */ = {isa = PBXBuildFile; fileRef = FAD602A625A248E700B41DC4 /* PaddingTextField.swift */; };
		FAD602AA25A2562300B41DC4 /* PasswordViewController.swift in Sources */ = {isa = PBXBuildFile; fileRef = FAD602A925A2562300B41DC4 /* PasswordViewController.swift */; };
		FAD602AE25A26BAA00B41DC4 /* activeViewController.swift in Sources */ = {isa = PBXBuildFile; fileRef = FAD602AD25A26BAA00B41DC4 /* activeViewController.swift */; };
/* End PBXBuildFile section */

/* Begin PBXFileReference section */
		FA6B331C25A0CA6B00188F1B /* iostask.app */ = {isa = PBXFileReference; explicitFileType = wrapper.application; includeInIndex = 0; path = iostask.app; sourceTree = BUILT_PRODUCTS_DIR; };
		FA6B331F25A0CA6B00188F1B /* AppDelegate.swift */ = {isa = PBXFileReference; lastKnownFileType = sourcecode.swift; path = AppDelegate.swift; sourceTree = "<group>"; };
		FA6B332125A0CA6B00188F1B /* SceneDelegate.swift */ = {isa = PBXFileReference; lastKnownFileType = sourcecode.swift; path = SceneDelegate.swift; sourceTree = "<group>"; };
		FA6B332325A0CA6B00188F1B /* ViewController.swift */ = {isa = PBXFileReference; lastKnownFileType = sourcecode.swift; path = ViewController.swift; sourceTree = "<group>"; };
		FA6B332625A0CA6B00188F1B /* Base */ = {isa = PBXFileReference; lastKnownFileType = file.storyboard; name = Base; path = Base.lproj/Main.storyboard; sourceTree = "<group>"; };
		FA6B332825A0CA6B00188F1B /* Assets.xcassets */ = {isa = PBXFileReference; lastKnownFileType = folder.assetcatalog; path = Assets.xcassets; sourceTree = "<group>"; };
		FA6B332B25A0CA6B00188F1B /* Base */ = {isa = PBXFileReference; lastKnownFileType = file.storyboard; name = Base; path = Base.lproj/LaunchScreen.storyboard; sourceTree = "<group>"; };
		FA6B332D25A0CA6B00188F1B /* Info.plist */ = {isa = PBXFileReference; lastKnownFileType = text.plist.xml; path = Info.plist; sourceTree = "<group>"; };
		FA7D43CE25A4DBF300F65372 /* PersonCell.swift */ = {isa = PBXFileReference; lastKnownFileType = sourcecode.swift; path = PersonCell.swift; sourceTree = "<group>"; };
		FA7D43D825A4FE3C00F65372 /* BranchCell.swift */ = {isa = PBXFileReference; lastKnownFileType = sourcecode.swift; path = BranchCell.swift; sourceTree = "<group>"; };
		FAD602A225A2146000B41DC4 /* EmailViewController.swift */ = {isa = PBXFileReference; lastKnownFileType = sourcecode.swift; path = EmailViewController.swift; sourceTree = "<group>"; };
		FAD602A625A248E700B41DC4 /* PaddingTextField.swift */ = {isa = PBXFileReference; lastKnownFileType = sourcecode.swift; path = PaddingTextField.swift; sourceTree = "<group>"; };
		FAD602A925A2562300B41DC4 /* PasswordViewController.swift */ = {isa = PBXFileReference; lastKnownFileType = sourcecode.swift; path = PasswordViewController.swift; sourceTree = "<group>"; };
		FAD602AD25A26BAA00B41DC4 /* activeViewController.swift */ = {isa = PBXFileReference; lastKnownFileType = sourcecode.swift; path = activeViewController.swift; sourceTree = "<group>"; };
/* End PBXFileReference section */

/* Begin PBXFrameworksBuildPhase section */
		FA6B331925A0CA6A00188F1B /* Frameworks */ = {
			isa = PBXFrameworksBuildPhase;
			buildActionMask = 2147483647;
			files = (
			);
			runOnlyForDeploymentPostprocessing = 0;
		};
/* End PBXFrameworksBuildPhase section */

/* Begin PBXGroup section */
		FA6B331325A0CA6A00188F1B = {
			isa = PBXGroup;
			children = (
				FA6B331E25A0CA6B00188F1B /* iostask */,
				FA6B331D25A0CA6B00188F1B /* Products */,
			);
			sourceTree = "<group>";
		};
		FA6B331D25A0CA6B00188F1B /* Products */ = {
			isa = PBXGroup;
			children = (
				FA6B331C25A0CA6B00188F1B /* iostask.app */,
			);
			name = Products;
			sourceTree = "<group>";
		};
		FA6B331E25A0CA6B00188F1B /* iostask */ = {
			isa = PBXGroup;
			children = (
				FA6B331F25A0CA6B00188F1B /* AppDelegate.swift */,
				FA6B332125A0CA6B00188F1B /* SceneDelegate.swift */,
				FA6B332325A0CA6B00188F1B /* ViewController.swift */,
				FAD602A225A2146000B41DC4 /* EmailViewController.swift */,
				FAD602A925A2562300B41DC4 /* PasswordViewController.swift */,
				FAD602AD25A26BAA00B41DC4 /* activeViewController.swift */,
				FAD602A625A248E700B41DC4 /* PaddingTextField.swift */,
				FA7D43CE25A4DBF300F65372 /* PersonCell.swift */,
				FA7D43D825A4FE3C00F65372 /* BranchCell.swift */,
				FA6B332525A0CA6B00188F1B /* Main.storyboard */,
				FA6B332825A0CA6B00188F1B /* Assets.xcassets */,
				FA6B332A25A0CA6B00188F1B /* LaunchScreen.storyboard */,
				FA6B332D25A0CA6B00188F1B /* Info.plist */,
			);
			path = iostask;
			sourceTree = "<group>";
		};
/* End PBXGroup section */

/* Begin PBXNativeTarget section */
		FA6B331B25A0CA6A00188F1B /* iostask */ = {
			isa = PBXNativeTarget;
			buildConfigurationList = FA6B333025A0CA6B00188F1B /* Build configuration list for PBXNativeTarget "iostask" */;
			buildPhases = (
				FA6B331825A0CA6A00188F1B /* Sources */,
				FA6B331925A0CA6A00188F1B /* Frameworks */,
				FA6B331A25A0CA6A00188F1B /* Resources */,
			);
			buildRules = (
			);
			dependencies = (
			);
			name = iostask;
			productName = iostask;
			productReference = FA6B331C25A0CA6B00188F1B /* iostask.app */;
			productType = "com.apple.product-type.application";
		};
/* End PBXNativeTarget section */

/* Begin PBXProject section */
		FA6B331425A0CA6A00188F1B /* Project object */ = {
			isa = PBXProject;
			attributes = {
				LastSwiftUpdateCheck = 1230;
				LastUpgradeCheck = 1230;
				TargetAttributes = {
					FA6B331B25A0CA6A00188F1B = {
						CreatedOnToolsVersion = 12.3;
					};
				};
			};
			buildConfigurationList = FA6B331725A0CA6A00188F1B /* Build configuration list for PBXProject "iostask" */;
			compatibilityVersion = "Xcode 9.3";
			developmentRegion = en;
			hasScannedForEncodings = 0;
			knownRegions = (
				en,
				Base,
			);
			mainGroup = FA6B331325A0CA6A00188F1B;
			productRefGroup = FA6B331D25A0CA6B00188F1B /* Products */;
			projectDirPath = "";
			projectRoot = "";
			targets = (
				FA6B331B25A0CA6A00188F1B /* iostask */,
			);
		};
/* End PBXProject section */

/* Begin PBXResourcesBuildPhase section */
		FA6B331A25A0CA6A00188F1B /* Resources */ = {
			isa = PBXResourcesBuildPhase;
			buildActionMask = 2147483647;
			files = (
				FA6B332C25A0CA6B00188F1B /* LaunchScreen.storyboard in Resources */,
				FA6B332925A0CA6B00188F1B /* Assets.xcassets in Resources */,
				FA6B332725A0CA6B00188F1B /* Main.storyboard in Resources */,
			);
			runOnlyForDeploymentPostprocessing = 0;
		};
/* End PBXResourcesBuildPhase section */

/* Begin PBXSourcesBuildPhase section */
		FA6B331825A0CA6A00188F1B /* Sources */ = {
			isa = PBXSourcesBuildPhase;
			buildActionMask = 2147483647;
			files = (
				FA7D43D925A4FE3C00F65372 /* BranchCell.swift in Sources */,
				FA6B332425A0CA6B00188F1B /* ViewController.swift in Sources */,
				FA6B332025A0CA6B00188F1B /* AppDelegate.swift in Sources */,
				FA7D43CF25A4DBF300F65372 /* PersonCell.swift in Sources */,
				FA6B332225A0CA6B00188F1B /* SceneDelegate.swift in Sources */,
				FAD602A325A2146000B41DC4 /* EmailViewController.swift in Sources */,
				FAD602A725A248E800B41DC4 /* PaddingTextField.swift in Sources */,
				FAD602AE25A26BAA00B41DC4 /* activeViewController.swift in Sources */,
				FAD602AA25A2562300B41DC4 /* PasswordViewController.swift in Sources */,
			);
			runOnlyForDeploymentPostprocessing = 0;
		};
/* End PBXSourcesBuildPhase section */

/* Begin PBXVariantGroup section */
		FA6B332525A0CA6B00188F1B /* Main.storyboard */ = {
			isa = PBXVariantGroup;
			children = (
				FA6B332625A0CA6B00188F1B /* Base */,
			);
			name = Main.storyboard;
			sourceTree = "<group>";
		};
		FA6B332A25A0CA6B00188F1B /* LaunchScreen.storyboard */ = {
			isa = PBXVariantGroup;
			children = (
				FA6B332B25A0CA6B00188F1B /* Base */,
			);
			name = LaunchScreen.storyboard;
			sourceTree = "<group>";
		};
/* End PBXVariantGroup section */

/* Begin XCBuildConfiguration section */
		FA6B332E25A0CA6B00188F1B /* Debug */ = {
			isa = XCBuildConfiguration;
			buildSettings = {
				ALWAYS_SEARCH_USER_PATHS = NO;
				CLANG_ANALYZER_NONNULL = YES;
				CLANG_ANALYZER_NUMBER_OBJECT_CONVERSION = YES_AGGRESSIVE;
				CLANG_CXX_LANGUAGE_STANDARD = "gnu++14";
				CLANG_CXX_LIBRARY = "libc++";
				CLANG_ENABLE_MODULES = YES;
				CLANG_ENABLE_OBJC_ARC = YES;
				CLANG_ENABLE_OBJC_WEAK = YES;
				CLANG_WARN_BLOCK_CAPTURE_AUTORELEASING = YES;
				CLANG_WARN_BOOL_CONVERSION = YES;
				CLANG_WARN_COMMA = YES;
				CLANG_WARN_CONSTANT_CONVERSION = YES;
				CLANG_WARN_DEPRECATED_OBJC_IMPLEMENTATIONS = YES;
				CLANG_WARN_DIRECT_OBJC_ISA_USAGE = YES_ERROR;
				CLANG_WARN_DOCUMENTATION_COMMENTS = YES;
				CLANG_WARN_EMPTY_BODY = YES;
				CLANG_WARN_ENUM_CONVERSION = YES;
				CLANG_WARN_INFINITE_RECURSION = YES;
				CLANG_WARN_INT_CONVERSION = YES;
				CLANG_WARN_NON_LITERAL_NULL_CONVERSION = YES;
				CLANG_WARN_OBJC_IMPLICIT_RETAIN_SELF = YES;
				CLANG_WARN_OBJC_LITERAL_CONVERSION = YES;
				CLANG_WARN_OBJC_ROOT_CLASS = YES_ERROR;
				CLANG_WARN_QUOTED_INCLUDE_IN_FRAMEWORK_HEADER = YES;
				CLANG_WARN_RANGE_LOOP_ANALYSIS = YES;
				CLANG_WARN_STRICT_PROTOTYPES = YES;
				CLANG_WARN_SUSPICIOUS_MOVE = YES;
				CLANG_WARN_UNGUARDED_AVAILABILITY = YES_AGGRESSIVE;
				CLANG_WARN_UNREACHABLE_CODE = YES;
				CLANG_WARN__DUPLICATE_METHOD_MATCH = YES;
				COPY_PHASE_STRIP = NO;
				DEBUG_INFORMATION_FORMAT = dwarf;
				ENABLE_STRICT_OBJC_MSGSEND = YES;
				ENABLE_TESTABILITY = YES;
				GCC_C_LANGUAGE_STANDARD = gnu11;
				GCC_DYNAMIC_NO_PIC = NO;
				GCC_NO_COMMON_BLOCKS = YES;
				GCC_OPTIMIZATION_LEVEL = 0;
				GCC_PREPROCESSOR_DEFINITIONS = (
					"DEBUG=1",
					"$(inherited)",
				);
				GCC_WARN_64_TO_32_BIT_CONVERSION = YES;
				GCC_WARN_ABOUT_RETURN_TYPE = YES_ERROR;
				GCC_WARN_UNDECLARED_SELECTOR = YES;
				GCC_WARN_UNINITIALIZED_AUTOS = YES_AGGRESSIVE;
				GCC_WARN_UNUSED_FUNCTION = YES;
				GCC_WARN_UNUSED_VARIABLE = YES;
				IPHONEOS_DEPLOYMENT_TARGET = 14.3;
				MTL_ENABLE_DEBUG_INFO = INCLUDE_SOURCE;
				MTL_FAST_MATH = YES;
				ONLY_ACTIVE_ARCH = YES;
				SDKROOT = iphoneos;
				SWIFT_ACTIVE_COMPILATION_CONDITIONS = DEBUG;
				SWIFT_OPTIMIZATION_LEVEL = "-Onone";
			};
			name = Debug;
		};
		FA6B332F25A0CA6B00188F1B /* Release */ = {
			isa = XCBuildConfiguration;
			buildSettings = {
				ALWAYS_SEARCH_USER_PATHS = NO;
				CLANG_ANALYZER_NONNULL = YES;
				CLANG_ANALYZER_NUMBER_OBJECT_CONVERSION = YES_AGGRESSIVE;
				CLANG_CXX_LANGUAGE_STANDARD = "gnu++14";
				CLANG_CXX_LIBRARY = "libc++";
				CLANG_ENABLE_MODULES = YES;
				CLANG_ENABLE_OBJC_ARC = YES;
				CLANG_ENABLE_OBJC_WEAK = YES;
				CLANG_WARN_BLOCK_CAPTURE_AUTORELEASING = YES;
				CLANG_WARN_BOOL_CONVERSION = YES;
				CLANG_WARN_COMMA = YES;
				CLANG_WARN_CONSTANT_CONVERSION = YES;
				CLANG_WARN_DEPRECATED_OBJC_IMPLEMENTATIONS = YES;
				CLANG_WARN_DIRECT_OBJC_ISA_USAGE = YES_ERROR;
				CLANG_WARN_DOCUMENTATION_COMMENTS = YES;
				CLANG_WARN_EMPTY_BODY = YES;
				CLANG_WARN_ENUM_CONVERSION = YES;
				CLANG_WARN_INFINITE_RECURSION = YES;
				CLANG_WARN_INT_CONVERSION = YES;
				CLANG_WARN_NON_LITERAL_NULL_CONVERSION = YES;
				CLANG_WARN_OBJC_IMPLICIT_RETAIN_SELF = YES;
				CLANG_WARN_OBJC_LITERAL_CONVERSION = YES;
				CLANG_WARN_OBJC_ROOT_CLASS = YES_ERROR;
				CLANG_WARN_QUOTED_INCLUDE_IN_FRAMEWORK_HEADER = YES;
				CLANG_WARN_RANGE_LOOP_ANALYSIS = YES;
				CLANG_WARN_STRICT_PROTOTYPES = YES;
				CLANG_WARN_SUSPICIOUS_MOVE = YES;
				CLANG_WARN_UNGUARDED_AVAILABILITY = YES_AGGRESSIVE;
				CLANG_WARN_UNREACHABLE_CODE = YES;
				CLANG_WARN__DUPLICATE_METHOD_MATCH = YES;
				COPY_PHASE_STRIP = NO;
				DEBUG_INFORMATION_FORMAT = "dwarf-with-dsym";
				ENABLE_NS_ASSERTIONS = NO;
				ENABLE_STRICT_OBJC_MSGSEND = YES;
				GCC_C_LANGUAGE_STANDARD = gnu11;
				GCC_NO_COMMON_BLOCKS = YES;
				GCC_WARN_64_TO_32_BIT_CONVERSION = YES;
				GCC_WARN_ABOUT_RETURN_TYPE = YES_ERROR;
				GCC_WARN_UNDECLARED_SELECTOR = YES;
				GCC_WARN_UNINITIALIZED_AUTOS = YES_AGGRESSIVE;
				GCC_WARN_UNUSED_FUNCTION = YES;
				GCC_WARN_UNUSED_VARIABLE = YES;
				IPHONEOS_DEPLOYMENT_TARGET = 14.3;
				MTL_ENABLE_DEBUG_INFO = NO;
				MTL_FAST_MATH = YES;
				SDKROOT = iphoneos;
				SWIFT_COMPILATION_MODE = wholemodule;
				SWIFT_OPTIMIZATION_LEVEL = "-O";
				VALIDATE_PRODUCT = YES;
			};
			name = Release;
		};
		FA6B333125A0CA6B00188F1B /* Debug */ = {
			isa = XCBuildConfiguration;
			buildSettings = {
				ASSETCATALOG_COMPILER_APPICON_NAME = AppIcon;
				ASSETCATALOG_COMPILER_GLOBAL_ACCENT_COLOR_NAME = AccentColor;
				CODE_SIGN_STYLE = Automatic;
				DEVELOPMENT_TEAM = 78DQ39U2BK;
				INFOPLIST_FILE = iostask/Info.plist;
				LD_RUNPATH_SEARCH_PATHS = (
					"$(inherited)",
					"@executable_path/Frameworks",
				);
				PRODUCT_BUNDLE_IDENTIFIER = com.faisal.iostask;
				PRODUCT_NAME = "$(TARGET_NAME)";
				SWIFT_VERSION = 5.0;
				TARGETED_DEVICE_FAMILY = "1,2";
			};
			name = Debug;
		};
		FA6B333225A0CA6B00188F1B /* Release */ = {
			isa = XCBuildConfiguration;
			buildSettings = {
				ASSETCATALOG_COMPILER_APPICON_NAME = AppIcon;
				ASSETCATALOG_COMPILER_GLOBAL_ACCENT_COLOR_NAME = AccentColor;
				CODE_SIGN_STYLE = Automatic;
				DEVELOPMENT_TEAM = 78DQ39U2BK;
				INFOPLIST_FILE = iostask/Info.plist;
				LD_RUNPATH_SEARCH_PATHS = (
					"$(inherited)",
					"@executable_path/Frameworks",
				);
				PRODUCT_BUNDLE_IDENTIFIER = com.faisal.iostask;
				PRODUCT_NAME = "$(TARGET_NAME)";
				SWIFT_VERSION = 5.0;
				TARGETED_DEVICE_FAMILY = "1,2";
			};
			name = Release;
		};
/* End XCBuildConfiguration section */

/* Begin XCConfigurationList section */
		FA6B331725A0CA6A00188F1B /* Build configuration list for PBXProject "iostask" */ = {
			isa = XCConfigurationList;
			buildConfigurations = (
				FA6B332E25A0CA6B00188F1B /* Debug */,
				FA6B332F25A0CA6B00188F1B /* Release */,
			);
			defaultConfigurationIsVisible = 0;
			defaultConfigurationName = Release;
		};
		FA6B333025A0CA6B00188F1B /* Build configuration list for PBXNativeTarget "iostask" */ = {
			isa = XCConfigurationList;
			buildConfigurations = (
				FA6B333125A0CA6B00188F1B /* Debug */,
				FA6B333225A0CA6B00188F1B /* Release */,
			);
			defaultConfigurationIsVisible = 0;
			defaultConfigurationName = Release;
		};
/* End XCConfigurationList section */
	};
	rootObject = FA6B331425A0CA6A00188F1B /* Project object */;
}
